{
  "name": "speaker-backend",
  "version": "1.0.0",
  "main": "index.js",
  "type": "commonjs",
  "scripts": {
    "start": "node dist/app.js",
    "build": "tsc",
    "dev": "nodemon src/app.ts",
    "test": "cross-env NODE_ENV=test jest --forceExit",
    "test:coverage": "cross-env NODE_ENV=test jest --coverage --forceExit",
    "db:init": "ts-node src/database/init-collections.ts",
    "seed": "ts-node src/database/seed.ts"
  },
  "keywords": [],
  "author": "",
  "license": "ISC",
  "description": "",
  "devDependencies": {
    "@types/jest": "^30.0.0",
    "@types/node": "^22.15.12",
    "@types/supertest": "^7.2.0",
    "cross-env": "^10.1.0",
    "jest": "^30.3.0",
    "mongodb-memory-server": "^11.2.0",
    "supertest": "^7.2.2",
    "ts-jest": "^29.4.9",
    "ts-node": "^10.9.2",
    "typescript": "^5.8.3"
  },
  "dependencies": {
    "@types/bcryptjs": "^2.4.6",
    "@types/cors": "^2.8.19",
    "@types/express": "^5.0.1",
    "@types/jsonwebtoken": "^9.0.9",
    "@types/nodemailer": "^6.4.17",
    "axios": "^1.17.0",
    "bcryptjs": "^3.0.2",
    "cors": "^2.8.6",
    "dotenv": "^16.5.0",
    "express": "^5.1.0",
    "jsonwebtoken": "^9.0.2",
    "mongoose": "^8.14.1",
    "nodemailer": "^7.0.2",
    "stripe": "^22.2.0",
    "translate-google": "^1.5.0"
  }
}
